
Microsoft Visual Studio Solution File, Format Version 12.00
# Visual Studio Version 16
VisualStudioVersion = 16.0.29519.87
MinimumVisualStudioVersion = 10.0.40219.1
Project("{FAE04EC0-301F-11D3-BF4B-00C04F79EFBC}") = "language", "language\language.csproj", "{04230D6B-799B-4621-B56D-A38FCE27AA11}"
EndProject
Global
	GlobalSection(SolutionConfigurationPlatforms) = preSolution
		Debug|Any CPU = Debug|Any CPU
		Release|Any CPU = Release|Any CPU
	EndGlobalSection
	GlobalSection(ProjectConfigurationPlatforms) = postSolution
		{04230D6B-799B-4621-B56D-A38FCE27AA11}.Debug|Any CPU.ActiveCfg = Debug|Any CPU
		{04230D6B-799B-4621-B56D-A38FCE27AA11}.Debug|Any CPU.Build.0 = Debug|Any CPU
		{04230D6B-799B-4621-B56D-A38FCE27AA11}.Release|Any CPU.ActiveCfg = Release|Any CPU
		{04230D6B-799B-4621-B56D-A38FCE27AA11}.Release|Any CPU.Build.0 = Release|Any CPU
	EndGlobalSection
	GlobalSection(SolutionProperties) = preSolution
		HideSolutionNode = FALSE
	EndGlobalSection
	GlobalSection(ExtensibilityGlobals) = postSolution
		SolutionGuid = {A4B25959-F813-4288-BEC7-B2695DD0BD9E}
	EndGlobalSection
EndGlobal
